
Microsoft Visual Studio Solution File, Format Version 12.00
# Visual Studio Version 17
VisualStudioVersion = 17.10.35004.147
MinimumVisualStudioVersion = 10.0.40219.1
Project("{FAE04EC0-301F-11D3-BF4B-00C04F79EFBC}") = "Ranza-A_Randomizer_For_Everything-", "Ranza-A_Randomizer_For_Everything-.csproj", "{DAD40C81-FD8A-4F46-8CFE-10A2770DECA7}"
EndProject
Global
	GlobalSection(SolutionConfigurationPlatforms) = preSolution
		Debug|Any CPU = Debug|Any CPU
		Release|Any CPU = Release|Any CPU
	EndGlobalSection
	GlobalSection(ProjectConfigurationPlatforms) = postSolution
		{DAD40C81-FD8A-4F46-8CFE-10A2770DECA7}.Debug|Any CPU.ActiveCfg = Debug|Any CPU
		{DAD40C81-FD8A-4F46-8CFE-10A2770DECA7}.Debug|Any CPU.Build.0 = Debug|Any CPU
		{DAD40C81-FD8A-4F46-8CFE-10A2770DECA7}.Release|Any CPU.ActiveCfg = Release|Any CPU
		{DAD40C81-FD8A-4F46-8CFE-10A2770DECA7}.Release|Any CPU.Build.0 = Release|Any CPU
	EndGlobalSection
	GlobalSection(SolutionProperties) = preSolution
		HideSolutionNode = FALSE
	EndGlobalSection
	GlobalSection(ExtensibilityGlobals) = postSolution
		SolutionGuid = {C526FF8A-997D-4E5B-8EB1-33FA66378AD1}
	EndGlobalSection
EndGlobal
